// !$*UTF8*$!
{
	archiveVersion = 1;
	classes = {
	};
	objectVersion = 55;
	objects = {

/* Begin PBXBuildFile section */
		8A004DA928103B4C00D05223 /* StepperCustom.swift in Sources */ = {isa = PBXBuildFile; fileRef = 8A004DA828103B4C00D05223 /* StepperCustom.swift */; };
		8A004DAB2811561700D05223 /* ConfirmOrder.swift in Sources */ = {isa = PBXBuildFile; fileRef = 8A004DAA2811561700D05223 /* ConfirmOrder.swift */; };
		8A004DAD2812B49A00D05223 /* CategoryManager.swift in Sources */ = {isa = PBXBuildFile; fileRef = 8A004DAC2812B49A00D05223 /* CategoryManager.swift */; };
		8A004DAF2813F6D800D05223 /* DataManager.swift in Sources */ = {isa = PBXBuildFile; fileRef = 8A004DAE2813F6D800D05223 /* DataManager.swift */; };
		8A004DCB2817FC7500D05223 /* ProductCart.swift in Sources */ = {isa = PBXBuildFile; fileRef = 8A004DCA2817FC7500D05223 /* ProductCart.swift */; };
		8A004DCD2817FD4400D05223 /* Category.swift in Sources */ = {isa = PBXBuildFile; fileRef = 8A004DCC2817FD4400D05223 /* Category.swift */; };
		8A004DCF281A8B8100D05223 /* CartViewCell.swift in Sources */ = {isa = PBXBuildFile; fileRef = 8A004DCE281A8B8000D05223 /* CartViewCell.swift */; };
		8A004DD1281ACC3800D05223 /* AuthManager.swift in Sources */ = {isa = PBXBuildFile; fileRef = 8A004DD0281ACC3700D05223 /* AuthManager.swift */; };
		8A0B15C4280AC8B500FC796A /* MNstoreApp.swift in Sources */ = {isa = PBXBuildFile; fileRef = 8A0B15C3280AC8B500FC796A /* MNstoreApp.swift */; };
		8A0B15C6280AC8B500FC796A /* CatalogView.swift in Sources */ = {isa = PBXBuildFile; fileRef = 8A0B15C5280AC8B500FC796A /* CatalogView.swift */; };
		8A0B15C8280AC8B800FC796A /* Assets.xcassets in Resources */ = {isa = PBXBuildFile; fileRef = 8A0B15C7280AC8B800FC796A /* Assets.xcassets */; };
		8A0B15CB280AC8B800FC796A /* Preview Assets.xcassets in Resources */ = {isa = PBXBuildFile; fileRef = 8A0B15CA280AC8B800FC796A /* Preview Assets.xcassets */; };
		8A0B15DA280AC8B800FC796A /* MNstoreTests.swift in Sources */ = {isa = PBXBuildFile; fileRef = 8A0B15D9280AC8B800FC796A /* MNstoreTests.swift */; };
		8A0B15E4280AC8B800FC796A /* MNstoreUITests.swift in Sources */ = {isa = PBXBuildFile; fileRef = 8A0B15E3280AC8B800FC796A /* MNstoreUITests.swift */; };
		8A0B15E6280AC8B800FC796A /* MNstoreUITestsLaunchTests.swift in Sources */ = {isa = PBXBuildFile; fileRef = 8A0B15E5280AC8B800FC796A /* MNstoreUITestsLaunchTests.swift */; };
		8A1246A22829575900C22486 /* ForgotPasswordView.swift in Sources */ = {isa = PBXBuildFile; fileRef = 8A1246A12829575900C22486 /* ForgotPasswordView.swift */; };
		8AB49F2F281BE1BD002712B6 /* AuthView.swift in Sources */ = {isa = PBXBuildFile; fileRef = 8AB49F2E281BE1BD002712B6 /* AuthView.swift */; };
		8AB49F31281BEC76002712B6 /* UserDefaultsManager.swift in Sources */ = {isa = PBXBuildFile; fileRef = 8AB49F30281BEC76002712B6 /* UserDefaultsManager.swift */; };
		8AB49F33281BEE58002712B6 /* User.swift in Sources */ = {isa = PBXBuildFile; fileRef = 8AB49F32281BEE58002712B6 /* User.swift */; };
		8AB49F35281C0561002712B6 /* ProfileView.swift in Sources */ = {isa = PBXBuildFile; fileRef = 8AB49F34281C0561002712B6 /* ProfileView.swift */; };
		8AB49F37281C058A002712B6 /* LoginView.swift in Sources */ = {isa = PBXBuildFile; fileRef = 8AB49F36281C058A002712B6 /* LoginView.swift */; };
		8AB49F39281C1D87002712B6 /* Constant.swift in Sources */ = {isa = PBXBuildFile; fileRef = 8AB49F38281C1D87002712B6 /* Constant.swift */; };
		8AB49F3D282126A7002712B6 /* ProductViewList.swift in Sources */ = {isa = PBXBuildFile; fileRef = 8AB49F3C282126A7002712B6 /* ProductViewList.swift */; };
		8AB49F3F282126CE002712B6 /* CategoryViewList.swift in Sources */ = {isa = PBXBuildFile; fileRef = 8AB49F3E282126CE002712B6 /* CategoryViewList.swift */; };
		8AB49F41282128A5002712B6 /* NetworkManager.swift in Sources */ = {isa = PBXBuildFile; fileRef = 8AB49F40282128A5002712B6 /* NetworkManager.swift */; };
		8AB49F432821547B002712B6 /* ProductManager.swift in Sources */ = {isa = PBXBuildFile; fileRef = 8AB49F422821547B002712B6 /* ProductManager.swift */; };
		8AB49F452823DE97002712B6 /* ImageLoader.swift in Sources */ = {isa = PBXBuildFile; fileRef = 8AB49F442823DE97002712B6 /* ImageLoader.swift */; };
		8AC9DE63280AEE3E006C52D5 /* ProductViewDetail.swift in Sources */ = {isa = PBXBuildFile; fileRef = 8AC9DE62280AEE3E006C52D5 /* ProductViewDetail.swift */; };
		8AC9DE65280AEE5D006C52D5 /* Product.swift in Sources */ = {isa = PBXBuildFile; fileRef = 8AC9DE64280AEE5D006C52D5 /* Product.swift */; };
		8AC9DE6A280C0814006C52D5 /* CartView.swift in Sources */ = {isa = PBXBuildFile; fileRef = 8AC9DE69280C0814006C52D5 /* CartView.swift */; };
		8AC9DE6E280C10E0006C52D5 /* ExtensionView.swift in Sources */ = {isa = PBXBuildFile; fileRef = 8AC9DE6D280C10E0006C52D5 /* ExtensionView.swift */; };
		8AC9DE70280C138A006C52D5 /* ProductCartManager.swift in Sources */ = {isa = PBXBuildFile; fileRef = 8AC9DE6F280C138A006C52D5 /* ProductCartManager.swift */; };
		8AC9DE72280D7249006C52D5 /* ProductViewCell.swift in Sources */ = {isa = PBXBuildFile; fileRef = 8AC9DE71280D7249006C52D5 /* ProductViewCell.swift */; };
		8AE2D3D2280AD32700507087 /* NavBarView.swift in Sources */ = {isa = PBXBuildFile; fileRef = 8AE2D3D1280AD32700507087 /* NavBarView.swift */; };
/* End PBXBuildFile section */

/* Begin PBXContainerItemProxy section */
		8A0B15D6280AC8B800FC796A /* PBXContainerItemProxy */ = {
			isa = PBXContainerItemProxy;
			containerPortal = 8A0B15B8280AC8B500FC796A /* Project object */;
			proxyType = 1;
			remoteGlobalIDString = 8A0B15BF280AC8B500FC796A;
			remoteInfo = MNstore;
		};
		8A0B15E0280AC8B800FC796A /* PBXContainerItemProxy */ = {
			isa = PBXContainerItemProxy;
			containerPortal = 8A0B15B8280AC8B500FC796A /* Project object */;
			proxyType = 1;
			remoteGlobalIDString = 8A0B15BF280AC8B500FC796A;
			remoteInfo = MNstore;
		};
/* End PBXContainerItemProxy section */

/* Begin PBXFileReference section */
		8A004DA828103B4C00D05223 /* StepperCustom.swift */ = {isa = PBXFileReference; lastKnownFileType = sourcecode.swift; path = StepperCustom.swift; sourceTree = "<group>"; };
		8A004DAA2811561700D05223 /* ConfirmOrder.swift */ = {isa = PBXFileReference; lastKnownFileType = sourcecode.swift; path = ConfirmOrder.swift; sourceTree = "<group>"; };
		8A004DAC2812B49A00D05223 /* CategoryManager.swift */ = {isa = PBXFileReference; lastKnownFileType = sourcecode.swift; path = CategoryManager.swift; sourceTree = "<group>"; };
		8A004DAE2813F6D800D05223 /* DataManager.swift */ = {isa = PBXFileReference; lastKnownFileType = sourcecode.swift; path = DataManager.swift; sourceTree = "<group>"; };
		8A004DCA2817FC7500D05223 /* ProductCart.swift */ = {isa = PBXFileReference; lastKnownFileType = sourcecode.swift; path = ProductCart.swift; sourceTree = "<group>"; };
		8A004DCC2817FD4400D05223 /* Category.swift */ = {isa = PBXFileReference; lastKnownFileType = sourcecode.swift; path = Category.swift; sourceTree = "<group>"; };
		8A004DCE281A8B8000D05223 /* CartViewCell.swift */ = {isa = PBXFileReference; lastKnownFileType = sourcecode.swift; path = CartViewCell.swift; sourceTree = "<group>"; };
		8A004DD0281ACC3700D05223 /* AuthManager.swift */ = {isa = PBXFileReference; lastKnownFileType = sourcecode.swift; path = AuthManager.swift; sourceTree = "<group>"; };
		8A0B15C0280AC8B500FC796A /* MNstore.app */ = {isa = PBXFileReference; explicitFileType = wrapper.application; includeInIndex = 0; path = MNstore.app; sourceTree = BUILT_PRODUCTS_DIR; };
		8A0B15C3280AC8B500FC796A /* MNstoreApp.swift */ = {isa = PBXFileReference; lastKnownFileType = sourcecode.swift; path = MNstoreApp.swift; sourceTree = "<group>"; };
		8A0B15C5280AC8B500FC796A /* CatalogView.swift */ = {isa = PBXFileReference; lastKnownFileType = sourcecode.swift; path = CatalogView.swift; sourceTree = "<group>"; };
		8A0B15C7280AC8B800FC796A /* Assets.xcassets */ = {isa = PBXFileReference; lastKnownFileType = folder.assetcatalog; path = Assets.xcassets; sourceTree = "<group>"; };
		8A0B15CA280AC8B800FC796A /* Preview Assets.xcassets */ = {isa = PBXFileReference; lastKnownFileType = folder.assetcatalog; path = "Preview Assets.xcassets"; sourceTree = "<group>"; };
		8A0B15D5280AC8B800FC796A /* MNstoreTests.xctest */ = {isa = PBXFileReference; explicitFileType = wrapper.cfbundle; includeInIndex = 0; path = MNstoreTests.xctest; sourceTree = BUILT_PRODUCTS_DIR; };
		8A0B15D9280AC8B800FC796A /* MNstoreTests.swift */ = {isa = PBXFileReference; lastKnownFileType = sourcecode.swift; path = MNstoreTests.swift; sourceTree = "<group>"; };
		8A0B15DF280AC8B800FC796A /* MNstoreUITests.xctest */ = {isa = PBXFileReference; explicitFileType = wrapper.cfbundle; includeInIndex = 0; path = MNstoreUITests.xctest; sourceTree = BUILT_PRODUCTS_DIR; };
		8A0B15E3280AC8B800FC796A /* MNstoreUITests.swift */ = {isa = PBXFileReference; lastKnownFileType = sourcecode.swift; path = MNstoreUITests.swift; sourceTree = "<group>"; };
		8A0B15E5280AC8B800FC796A /* MNstoreUITestsLaunchTests.swift */ = {isa = PBXFileReference; lastKnownFileType = sourcecode.swift; path = MNstoreUITestsLaunchTests.swift; sourceTree = "<group>"; };
		8A1246A12829575900C22486 /* ForgotPasswordView.swift */ = {isa = PBXFileReference; lastKnownFileType = sourcecode.swift; path = ForgotPasswordView.swift; sourceTree = "<group>"; };
		8AB49F2E281BE1BD002712B6 /* AuthView.swift */ = {isa = PBXFileReference; lastKnownFileType = sourcecode.swift; path = AuthView.swift; sourceTree = "<group>"; };
		8AB49F30281BEC76002712B6 /* UserDefaultsManager.swift */ = {isa = PBXFileReference; lastKnownFileType = sourcecode.swift; path = UserDefaultsManager.swift; sourceTree = "<group>"; };
		8AB49F32281BEE58002712B6 /* User.swift */ = {isa = PBXFileReference; lastKnownFileType = sourcecode.swift; path = User.swift; sourceTree = "<group>"; };
		8AB49F34281C0561002712B6 /* ProfileView.swift */ = {isa = PBXFileReference; lastKnownFileType = sourcecode.swift; path = ProfileView.swift; sourceTree = "<group>"; };
		8AB49F36281C058A002712B6 /* LoginView.swift */ = {isa = PBXFileReference; lastKnownFileType = sourcecode.swift; path = LoginView.swift; sourceTree = "<group>"; };
		8AB49F38281C1D87002712B6 /* Constant.swift */ = {isa = PBXFileReference; lastKnownFileType = sourcecode.swift; path = Constant.swift; sourceTree = "<group>"; };
		8AB49F3C282126A7002712B6 /* ProductViewList.swift */ = {isa = PBXFileReference; lastKnownFileType = sourcecode.swift; path = ProductViewList.swift; sourceTree = "<group>"; };
		8AB49F3E282126CE002712B6 /* CategoryViewList.swift */ = {isa = PBXFileReference; lastKnownFileType = sourcecode.swift; path = CategoryViewList.swift; sourceTree = "<group>"; };
		8AB49F40282128A5002712B6 /* NetworkManager.swift */ = {isa = PBXFileReference; lastKnownFileType = sourcecode.swift; path = NetworkManager.swift; sourceTree = "<group>"; };
		8AB49F422821547B002712B6 /* ProductManager.swift */ = {isa = PBXFileReference; lastKnownFileType = sourcecode.swift; path = ProductManager.swift; sourceTree = "<group>"; };
		8AB49F442823DE97002712B6 /* ImageLoader.swift */ = {isa = PBXFileReference; lastKnownFileType = sourcecode.swift; path = ImageLoader.swift; sourceTree = "<group>"; };
		8AC9DE62280AEE3E006C52D5 /* ProductViewDetail.swift */ = {isa = PBXFileReference; lastKnownFileType = sourcecode.swift; path = ProductViewDetail.swift; sourceTree = "<group>"; };
		8AC9DE64280AEE5D006C52D5 /* Product.swift */ = {isa = PBXFileReference; lastKnownFileType = sourcecode.swift; path = Product.swift; sourceTree = "<group>"; };
		8AC9DE69280C0814006C52D5 /* CartView.swift */ = {isa = PBXFileReference; lastKnownFileType = sourcecode.swift; path = CartView.swift; sourceTree = "<group>"; };
		8AC9DE6D280C10E0006C52D5 /* ExtensionView.swift */ = {isa = PBXFileReference; lastKnownFileType = sourcecode.swift; path = ExtensionView.swift; sourceTree = "<group>"; };
		8AC9DE6F280C138A006C52D5 /* ProductCartManager.swift */ = {isa = PBXFileReference; lastKnownFileType = sourcecode.swift; path = ProductCartManager.swift; sourceTree = "<group>"; };
		8AC9DE71280D7249006C52D5 /* ProductViewCell.swift */ = {isa = PBXFileReference; lastKnownFileType = sourcecode.swift; path = ProductViewCell.swift; sourceTree = "<group>"; };
		8AE2D3D1280AD32700507087 /* NavBarView.swift */ = {isa = PBXFileReference; lastKnownFileType = sourcecode.swift; path = NavBarView.swift; sourceTree = "<group>"; };
/* End PBXFileReference section */

/* Begin PBXFrameworksBuildPhase section */
		8A0B15BD280AC8B500FC796A /* Frameworks */ = {
			isa = PBXFrameworksBuildPhase;
			buildActionMask = 2147483647;
			files = (
			);
			runOnlyForDeploymentPostprocessing = 0;
		};
		8A0B15D2280AC8B800FC796A /* Frameworks */ = {
			isa = PBXFrameworksBuildPhase;
			buildActionMask = 2147483647;
			files = (
			);
			runOnlyForDeploymentPostprocessing = 0;
		};
		8A0B15DC280AC8B800FC796A /* Frameworks */ = {
			isa = PBXFrameworksBuildPhase;
			buildActionMask = 2147483647;
			files = (
			);
			runOnlyForDeploymentPostprocessing = 0;
		};
/* End PBXFrameworksBuildPhase section */

/* Begin PBXGroup section */
		8A004DC62816E2AD00D05223 /* SupportingFiles */ = {
			isa = PBXGroup;
			children = (
				8A0B15C3280AC8B500FC796A /* MNstoreApp.swift */,
				8A0B15C7280AC8B800FC796A /* Assets.xcassets */,
				8A0B15C9280AC8B800FC796A /* Preview Content */,
			);
			path = SupportingFiles;
			sourceTree = "<group>";
		};
		8A004DC72816E2BD00D05223 /* Data */ = {
			isa = PBXGroup;
			children = (
				8A004DD0281ACC3700D05223 /* AuthManager.swift */,
				8A004DAC2812B49A00D05223 /* CategoryManager.swift */,
				8AB49F38281C1D87002712B6 /* Constant.swift */,
				8A004DAE2813F6D800D05223 /* DataManager.swift */,
				8AB49F442823DE97002712B6 /* ImageLoader.swift */,
				8AB49F40282128A5002712B6 /* NetworkManager.swift */,
				8AC9DE6F280C138A006C52D5 /* ProductCartManager.swift */,
				8AB49F422821547B002712B6 /* ProductManager.swift */,
				8AB49F30281BEC76002712B6 /* UserDefaultsManager.swift */,
			);
			path = Data;
			sourceTree = "<group>";
		};
		8A004DC82816E42600D05223 /* Model */ = {
			isa = PBXGroup;
			children = (
				8A004DCC2817FD4400D05223 /* Category.swift */,
				8AC9DE64280AEE5D006C52D5 /* Product.swift */,
				8A004DCA2817FC7500D05223 /* ProductCart.swift */,
				8AB49F32281BEE58002712B6 /* User.swift */,
			);
			path = Model;
			sourceTree = "<group>";
		};
		8A004DC92816E46500D05223 /* Extensions */ = {
			isa = PBXGroup;
			children = (
				8AC9DE6D280C10E0006C52D5 /* ExtensionView.swift */,
			);
			path = Extensions;
			sourceTree = "<group>";
		};
		8A0B15B7280AC8B500FC796A = {
			isa = PBXGroup;
			children = (
				8A0B15C2280AC8B500FC796A /* MNstore */,
				8A0B15D8280AC8B800FC796A /* MNstoreTests */,
				8A0B15E2280AC8B800FC796A /* MNstoreUITests */,
				8A0B15C1280AC8B500FC796A /* Products */,
			);
			sourceTree = "<group>";
		};
		8A0B15C1280AC8B500FC796A /* Products */ = {
			isa = PBXGroup;
			children = (
				8A0B15C0280AC8B500FC796A /* MNstore.app */,
				8A0B15D5280AC8B800FC796A /* MNstoreTests.xctest */,
				8A0B15DF280AC8B800FC796A /* MNstoreUITests.xctest */,
			);
			name = Products;
			sourceTree = "<group>";
		};
		8A0B15C2280AC8B500FC796A /* MNstore */ = {
			isa = PBXGroup;
			children = (
				8A004DC72816E2BD00D05223 /* Data */,
				8A004DC92816E46500D05223 /* Extensions */,
				8A004DC82816E42600D05223 /* Model */,
				8A004DC62816E2AD00D05223 /* SupportingFiles */,
				8AC9DE61280AE730006C52D5 /* View */,
			);
			path = MNstore;
			sourceTree = "<group>";
		};
		8A0B15C9280AC8B800FC796A /* Preview Content */ = {
			isa = PBXGroup;
			children = (
				8A0B15CA280AC8B800FC796A /* Preview Assets.xcassets */,
			);
			path = "Preview Content";
			sourceTree = "<group>";
		};
		8A0B15D8280AC8B800FC796A /* MNstoreTests */ = {
			isa = PBXGroup;
			children = (
				8A0B15D9280AC8B800FC796A /* MNstoreTests.swift */,
			);
			path = MNstoreTests;
			sourceTree = "<group>";
		};
		8A0B15E2280AC8B800FC796A /* MNstoreUITests */ = {
			isa = PBXGroup;
			children = (
				8A0B15E3280AC8B800FC796A /* MNstoreUITests.swift */,
				8A0B15E5280AC8B800FC796A /* MNstoreUITestsLaunchTests.swift */,
			);
			path = MNstoreUITests;
			sourceTree = "<group>";
		};
		8A12469D282911E000C22486 /* Product */ = {
			isa = PBXGroup;
			children = (
				8AC9DE71280D7249006C52D5 /* ProductViewCell.swift */,
				8AC9DE62280AEE3E006C52D5 /* ProductViewDetail.swift */,
				8AB49F3C282126A7002712B6 /* ProductViewList.swift */,
			);
			path = Product;
			sourceTree = "<group>";
		};
		8A12469E282911F200C22486 /* Cart */ = {
			isa = PBXGroup;
			children = (
				8AC9DE69280C0814006C52D5 /* CartView.swift */,
				8A004DCE281A8B8000D05223 /* CartViewCell.swift */,
				8A004DAA2811561700D05223 /* ConfirmOrder.swift */,
			);
			path = Cart;
			sourceTree = "<group>";
		};
		8A12469F2829120500C22486 /* Profile */ = {
			isa = PBXGroup;
			children = (
				8AB49F2E281BE1BD002712B6 /* AuthView.swift */,
				8AB49F36281C058A002712B6 /* LoginView.swift */,
				8AB49F34281C0561002712B6 /* ProfileView.swift */,
				8A1246A12829575900C22486 /* ForgotPasswordView.swift */,
			);
			path = Profile;
			sourceTree = "<group>";
		};
		8A1246A02829121F00C22486 /* Catalog */ = {
			isa = PBXGroup;
			children = (
				8A0B15C5280AC8B500FC796A /* CatalogView.swift */,
				8AB49F3E282126CE002712B6 /* CategoryViewList.swift */,
			);
			path = Catalog;
			sourceTree = "<group>";
		};
		8AC9DE61280AE730006C52D5 /* View */ = {
			isa = PBXGroup;
			children = (
				8A12469E282911F200C22486 /* Cart */,
				8A1246A02829121F00C22486 /* Catalog */,
				8AE2D3D1280AD32700507087 /* NavBarView.swift */,
				8A12469D282911E000C22486 /* Product */,
				8A12469F2829120500C22486 /* Profile */,
				8A004DA828103B4C00D05223 /* StepperCustom.swift */,
			);
			path = View;
			sourceTree = "<group>";
		};
/* End PBXGroup section */

/* Begin PBXNativeTarget section */
		8A0B15BF280AC8B500FC796A /* MNstore */ = {
			isa = PBXNativeTarget;
			buildConfigurationList = 8A0B15E9280AC8B800FC796A /* Build configuration list for PBXNativeTarget "MNstore" */;
			buildPhases = (
				8A0B15BC280AC8B500FC796A /* Sources */,
				8A0B15BD280AC8B500FC796A /* Frameworks */,
				8A0B15BE280AC8B500FC796A /* Resources */,
			);
			buildRules = (
			);
			dependencies = (
			);
			name = MNstore;
			productName = MNstore;
			productReference = 8A0B15C0280AC8B500FC796A /* MNstore.app */;
			productType = "com.apple.product-type.application";
		};
		8A0B15D4280AC8B800FC796A /* MNstoreTests */ = {
			isa = PBXNativeTarget;
			buildConfigurationList = 8A0B15EC280AC8B800FC796A /* Build configuration list for PBXNativeTarget "MNstoreTests" */;
			buildPhases = (
				8A0B15D1280AC8B800FC796A /* Sources */,
				8A0B15D2280AC8B800FC796A /* Frameworks */,
				8A0B15D3280AC8B800FC796A /* Resources */,
			);
			buildRules = (
			);
			dependencies = (
				8A0B15D7280AC8B800FC796A /* PBXTargetDependency */,
			);
			name = MNstoreTests;
			productName = MNstoreTests;
			productReference = 8A0B15D5280AC8B800FC796A /* MNstoreTests.xctest */;
			productType = "com.apple.product-type.bundle.unit-test";
		};
		8A0B15DE280AC8B800FC796A /* MNstoreUITests */ = {
			isa = PBXNativeTarget;
			buildConfigurationList = 8A0B15EF280AC8B800FC796A /* Build configuration list for PBXNativeTarget "MNstoreUITests" */;
			buildPhases = (
				8A0B15DB280AC8B800FC796A /* Sources */,
				8A0B15DC280AC8B800FC796A /* Frameworks */,
				8A0B15DD280AC8B800FC796A /* Resources */,
			);
			buildRules = (
			);
			dependencies = (
				8A0B15E1280AC8B800FC796A /* PBXTargetDependency */,
			);
			name = MNstoreUITests;
			productName = MNstoreUITests;
			productReference = 8A0B15DF280AC8B800FC796A /* MNstoreUITests.xctest */;
			productType = "com.apple.product-type.bundle.ui-testing";
		};
/* End PBXNativeTarget section */

/* Begin PBXProject section */
		8A0B15B8280AC8B500FC796A /* Project object */ = {
			isa = PBXProject;
			attributes = {
				BuildIndependentTargetsInParallel = 1;
				LastSwiftUpdateCheck = 1330;
				LastUpgradeCheck = 1330;
				TargetAttributes = {
					8A0B15BF280AC8B500FC796A = {
						CreatedOnToolsVersion = 13.3;
					};
					8A0B15D4280AC8B800FC796A = {
						CreatedOnToolsVersion = 13.3;
						TestTargetID = 8A0B15BF280AC8B500FC796A;
					};
					8A0B15DE280AC8B800FC796A = {
						CreatedOnToolsVersion = 13.3;
						TestTargetID = 8A0B15BF280AC8B500FC796A;
					};
				};
			};
			buildConfigurationList = 8A0B15BB280AC8B500FC796A /* Build configuration list for PBXProject "MNstore" */;
			compatibilityVersion = "Xcode 13.0";
			developmentRegion = en;
			hasScannedForEncodings = 0;
			knownRegions = (
				en,
				Base,
			);
			mainGroup = 8A0B15B7280AC8B500FC796A;
			productRefGroup = 8A0B15C1280AC8B500FC796A /* Products */;
			projectDirPath = "";
			projectRoot = "";
			targets = (
				8A0B15BF280AC8B500FC796A /* MNstore */,
				8A0B15D4280AC8B800FC796A /* MNstoreTests */,
				8A0B15DE280AC8B800FC796A /* MNstoreUITests */,
			);
		};
/* End PBXProject section */

/* Begin PBXResourcesBuildPhase section */
		8A0B15BE280AC8B500FC796A /* Resources */ = {
			isa = PBXResourcesBuildPhase;
			buildActionMask = 2147483647;
			files = (
				8A0B15CB280AC8B800FC796A /* Preview Assets.xcassets in Resources */,
				8A0B15C8280AC8B800FC796A /* Assets.xcassets in Resources */,
			);
			runOnlyForDeploymentPostprocessing = 0;
		};
		8A0B15D3280AC8B800FC796A /* Resources */ = {
			isa = PBXResourcesBuildPhase;
			buildActionMask = 2147483647;
			files = (
			);
			runOnlyForDeploymentPostprocessing = 0;
		};
		8A0B15DD280AC8B800FC796A /* Resources */ = {
			isa = PBXResourcesBuildPhase;
			buildActionMask = 2147483647;
			files = (
			);
			runOnlyForDeploymentPostprocessing = 0;
		};
/* End PBXResourcesBuildPhase section */

/* Begin PBXSourcesBuildPhase section */
		8A0B15BC280AC8B500FC796A /* Sources */ = {
			isa = PBXSourcesBuildPhase;
			buildActionMask = 2147483647;
			files = (
				8AC9DE72280D7249006C52D5 /* ProductViewCell.swift in Sources */,
				8AB49F432821547B002712B6 /* ProductManager.swift in Sources */,
				8AB49F452823DE97002712B6 /* ImageLoader.swift in Sources */,
				8AC9DE6A280C0814006C52D5 /* CartView.swift in Sources */,
				8A004DCD2817FD4400D05223 /* Category.swift in Sources */,
				8AB49F3D282126A7002712B6 /* ProductViewList.swift in Sources */,
				8A004DA928103B4C00D05223 /* StepperCustom.swift in Sources */,
				8AB49F31281BEC76002712B6 /* UserDefaultsManager.swift in Sources */,
				8A004DD1281ACC3800D05223 /* AuthManager.swift in Sources */,
				8A1246A22829575900C22486 /* ForgotPasswordView.swift in Sources */,
				8AC9DE70280C138A006C52D5 /* ProductCartManager.swift in Sources */,
				8A004DCF281A8B8100D05223 /* CartViewCell.swift in Sources */,
				8A004DCB2817FC7500D05223 /* ProductCart.swift in Sources */,
				8AC9DE63280AEE3E006C52D5 /* ProductViewDetail.swift in Sources */,
				8A004DAB2811561700D05223 /* ConfirmOrder.swift in Sources */,
				8AB49F41282128A5002712B6 /* NetworkManager.swift in Sources */,
				8AB49F37281C058A002712B6 /* LoginView.swift in Sources */,
				8AB49F3F282126CE002712B6 /* CategoryViewList.swift in Sources */,
				8A004DAF2813F6D800D05223 /* DataManager.swift in Sources */,
				8AB49F2F281BE1BD002712B6 /* AuthView.swift in Sources */,
				8AB49F35281C0561002712B6 /* ProfileView.swift in Sources */,
				8A0B15C6280AC8B500FC796A /* CatalogView.swift in Sources */,
				8AE2D3D2280AD32700507087 /* NavBarView.swift in Sources */,
				8AC9DE6E280C10E0006C52D5 /* ExtensionView.swift in Sources */,
				8A004DAD2812B49A00D05223 /* CategoryManager.swift in Sources */,
				8A0B15C4280AC8B500FC796A /* MNstoreApp.swift in Sources */,
				8AC9DE65280AEE5D006C52D5 /* Product.swift in Sources */,
				8AB49F33281BEE58002712B6 /* User.swift in Sources */,
				8AB49F39281C1D87002712B6 /* Constant.swift in Sources */,
			);
			runOnlyForDeploymentPostprocessing = 0;
		};
		8A0B15D1280AC8B800FC796A /* Sources */ = {
			isa = PBXSourcesBuildPhase;
			buildActionMask = 2147483647;
			files = (
				8A0B15DA280AC8B800FC796A /* MNstoreTests.swift in Sources */,
			);
			runOnlyForDeploymentPostprocessing = 0;
		};
		8A0B15DB280AC8B800FC796A /* Sources */ = {
			isa = PBXSourcesBuildPhase;
			buildActionMask = 2147483647;
			files = (
				8A0B15E4280AC8B800FC796A /* MNstoreUITests.swift in Sources */,
				8A0B15E6280AC8B800FC796A /* MNstoreUITestsLaunchTests.swift in Sources */,
			);
			runOnlyForDeploymentPostprocessing = 0;
		};
/* End PBXSourcesBuildPhase section */

/* Begin PBXTargetDependency section */
		8A0B15D7280AC8B800FC796A /* PBXTargetDependency */ = {
			isa = PBXTargetDependency;
			target = 8A0B15BF280AC8B500FC796A /* MNstore */;
			targetProxy = 8A0B15D6280AC8B800FC796A /* PBXContainerItemProxy */;
		};
		8A0B15E1280AC8B800FC796A /* PBXTargetDependency */ = {
			isa = PBXTargetDependency;
			target = 8A0B15BF280AC8B500FC796A /* MNstore */;
			targetProxy = 8A0B15E0280AC8B800FC796A /* PBXContainerItemProxy */;
		};
/* End PBXTargetDependency section */

/* Begin XCBuildConfiguration section */
		8A0B15E7280AC8B800FC796A /* Debug */ = {
			isa = XCBuildConfiguration;
			buildSettings = {
				ALWAYS_SEARCH_USER_PATHS = NO;
				CLANG_ANALYZER_NONNULL = YES;
				CLANG_ANALYZER_NUMBER_OBJECT_CONVERSION = YES_AGGRESSIVE;
				CLANG_CXX_LANGUAGE_STANDARD = "gnu++17";
				CLANG_ENABLE_MODULES = YES;
				CLANG_ENABLE_OBJC_ARC = YES;
				CLANG_ENABLE_OBJC_WEAK = YES;
				CLANG_WARN_BLOCK_CAPTURE_AUTORELEASING = YES;
				CLANG_WARN_BOOL_CONVERSION = YES;
				CLANG_WARN_COMMA = YES;
				CLANG_WARN_CONSTANT_CONVERSION = YES;
				CLANG_WARN_DEPRECATED_OBJC_IMPLEMENTATIONS = YES;
				CLANG_WARN_DIRECT_OBJC_ISA_USAGE = YES_ERROR;
				CLANG_WARN_DOCUMENTATION_COMMENTS = YES;
				CLANG_WARN_EMPTY_BODY = YES;
				CLANG_WARN_ENUM_CONVERSION = YES;
				CLANG_WARN_INFINITE_RECURSION = YES;
				CLANG_WARN_INT_CONVERSION = YES;
				CLANG_WARN_NON_LITERAL_NULL_CONVERSION = YES;
				CLANG_WARN_OBJC_IMPLICIT_RETAIN_SELF = YES;
				CLANG_WARN_OBJC_LITERAL_CONVERSION = YES;
				CLANG_WARN_OBJC_ROOT_CLASS = YES_ERROR;
				CLANG_WARN_QUOTED_INCLUDE_IN_FRAMEWORK_HEADER = YES;
				CLANG_WARN_RANGE_LOOP_ANALYSIS = YES;
				CLANG_WARN_STRICT_PROTOTYPES = YES;
				CLANG_WARN_SUSPICIOUS_MOVE = YES;
				CLANG_WARN_UNGUARDED_AVAILABILITY = YES_AGGRESSIVE;
				CLANG_WARN_UNREACHABLE_CODE = YES;
				CLANG_WARN__DUPLICATE_METHOD_MATCH = YES;
				COPY_PHASE_STRIP = NO;
				DEBUG_INFORMATION_FORMAT = dwarf;
				ENABLE_STRICT_OBJC_MSGSEND = YES;
				ENABLE_TESTABILITY = YES;
				GCC_C_LANGUAGE_STANDARD = gnu11;
				GCC_DYNAMIC_NO_PIC = NO;
				GCC_NO_COMMON_BLOCKS = YES;
				GCC_OPTIMIZATION_LEVEL = 0;
				GCC_PREPROCESSOR_DEFINITIONS = (
					"DEBUG=1",
					"$(inherited)",
				);
				GCC_WARN_64_TO_32_BIT_CONVERSION = YES;
				GCC_WARN_ABOUT_RETURN_TYPE = YES_ERROR;
				GCC_WARN_UNDECLARED_SELECTOR = YES;
				GCC_WARN_UNINITIALIZED_AUTOS = YES_AGGRESSIVE;
				GCC_WARN_UNUSED_FUNCTION = YES;
				GCC_WARN_UNUSED_VARIABLE = YES;
				IPHONEOS_DEPLOYMENT_TARGET = 15.4;
				MTL_ENABLE_DEBUG_INFO = INCLUDE_SOURCE;
				MTL_FAST_MATH = YES;
				ONLY_ACTIVE_ARCH = YES;
				SDKROOT = iphoneos;
				SWIFT_ACTIVE_COMPILATION_CONDITIONS = DEBUG;
				SWIFT_OPTIMIZATION_LEVEL = "-Onone";
			};
			name = Debug;
		};
		8A0B15E8280AC8B800FC796A /* Release */ = {
			isa = XCBuildConfiguration;
			buildSettings = {
				ALWAYS_SEARCH_USER_PATHS = NO;
				CLANG_ANALYZER_NONNULL = YES;
				CLANG_ANALYZER_NUMBER_OBJECT_CONVERSION = YES_AGGRESSIVE;
				CLANG_CXX_LANGUAGE_STANDARD = "gnu++17";
				CLANG_ENABLE_MODULES = YES;
				CLANG_ENABLE_OBJC_ARC = YES;
				CLANG_ENABLE_OBJC_WEAK = YES;
				CLANG_WARN_BLOCK_CAPTURE_AUTORELEASING = YES;
				CLANG_WARN_BOOL_CONVERSION = YES;
				CLANG_WARN_COMMA = YES;
				CLANG_WARN_CONSTANT_CONVERSION = YES;
				CLANG_WARN_DEPRECATED_OBJC_IMPLEMENTATIONS = YES;
				CLANG_WARN_DIRECT_OBJC_ISA_USAGE = YES_ERROR;
				CLANG_WARN_DOCUMENTATION_COMMENTS = YES;
				CLANG_WARN_EMPTY_BODY = YES;
				CLANG_WARN_ENUM_CONVERSION = YES;
				CLANG_WARN_INFINITE_RECURSION = YES;
				CLANG_WARN_INT_CONVERSION = YES;
				CLANG_WARN_NON_LITERAL_NULL_CONVERSION = YES;
				CLANG_WARN_OBJC_IMPLICIT_RETAIN_SELF = YES;
				CLANG_WARN_OBJC_LITERAL_CONVERSION = YES;
				CLANG_WARN_OBJC_ROOT_CLASS = YES_ERROR;
				CLANG_WARN_QUOTED_INCLUDE_IN_FRAMEWORK_HEADER = YES;
				CLANG_WARN_RANGE_LOOP_ANALYSIS = YES;
				CLANG_WARN_STRICT_PROTOTYPES = YES;
				CLANG_WARN_SUSPICIOUS_MOVE = YES;
				CLANG_WARN_UNGUARDED_AVAILABILITY = YES_AGGRESSIVE;
				CLANG_WARN_UNREACHABLE_CODE = YES;
				CLANG_WARN__DUPLICATE_METHOD_MATCH = YES;
				COPY_PHASE_STRIP = NO;
				DEBUG_INFORMATION_FORMAT = "dwarf-with-dsym";
				ENABLE_NS_ASSERTIONS = NO;
				ENABLE_STRICT_OBJC_MSGSEND = YES;
				GCC_C_LANGUAGE_STANDARD = gnu11;
				GCC_NO_COMMON_BLOCKS = YES;
				GCC_WARN_64_TO_32_BIT_CONVERSION = YES;
				GCC_WARN_ABOUT_RETURN_TYPE = YES_ERROR;
				GCC_WARN_UNDECLARED_SELECTOR = YES;
				GCC_WARN_UNINITIALIZED_AUTOS = YES_AGGRESSIVE;
				GCC_WARN_UNUSED_FUNCTION = YES;
				GCC_WARN_UNUSED_VARIABLE = YES;
				IPHONEOS_DEPLOYMENT_TARGET = 15.4;
				MTL_ENABLE_DEBUG_INFO = NO;
				MTL_FAST_MATH = YES;
				SDKROOT = iphoneos;
				SWIFT_COMPILATION_MODE = wholemodule;
				SWIFT_OPTIMIZATION_LEVEL = "-O";
				VALIDATE_PRODUCT = YES;
			};
			name = Release;
		};
		8A0B15EA280AC8B800FC796A /* Debug */ = {
			isa = XCBuildConfiguration;
			buildSettings = {
				ASSETCATALOG_COMPILER_APPICON_NAME = AppIcon;
				ASSETCATALOG_COMPILER_GLOBAL_ACCENT_COLOR_NAME = AccentColor;
				CODE_SIGN_STYLE = Automatic;
				CURRENT_PROJECT_VERSION = 1;
				DEVELOPMENT_ASSET_PATHS = "\"MNstore/SupportingFiles/Preview Content\"";
				DEVELOPMENT_TEAM = 4A5GSXMSS8;
				ENABLE_PREVIEWS = YES;
				GENERATE_INFOPLIST_FILE = YES;
				INFOPLIST_KEY_UIApplicationSceneManifest_Generation = YES;
				INFOPLIST_KEY_UIApplicationSupportsIndirectInputEvents = YES;
				INFOPLIST_KEY_UILaunchScreen_Generation = YES;
				INFOPLIST_KEY_UISupportedInterfaceOrientations = UIInterfaceOrientationPortrait;
				INFOPLIST_KEY_UISupportedInterfaceOrientations_iPad = "UIInterfaceOrientationPortrait UIInterfaceOrientationPortraitUpsideDown UIInterfaceOrientationLandscapeLeft UIInterfaceOrientationLandscapeRight";
				INFOPLIST_KEY_UISupportedInterfaceOrientations_iPhone = "UIInterfaceOrientationPortrait UIInterfaceOrientationLandscapeLeft UIInterfaceOrientationLandscapeRight";
				IPHONEOS_DEPLOYMENT_TARGET = 14.0;
				LD_RUNPATH_SEARCH_PATHS = (
					"$(inherited)",
					"@executable_path/Frameworks",
				);
				MARKETING_VERSION = 1.0;
				PRODUCT_BUNDLE_IDENTIFIER = "-.MNstore";
				PRODUCT_NAME = "$(TARGET_NAME)";
				SWIFT_EMIT_LOC_STRINGS = YES;
				SWIFT_VERSION = 5.0;
				TARGETED_DEVICE_FAMILY = 1;
			};
			name = Debug;
		};
		8A0B15EB280AC8B800FC796A /* Release */ = {
			isa = XCBuildConfiguration;
			buildSettings = {
				ASSETCATALOG_COMPILER_APPICON_NAME = AppIcon;
				ASSETCATALOG_COMPILER_GLOBAL_ACCENT_COLOR_NAME = AccentColor;
				CODE_SIGN_STYLE = Automatic;
				CURRENT_PROJECT_VERSION = 1;
				DEVELOPMENT_ASSET_PATHS = "\"MNstore/SupportingFiles/Preview Content\"";
				DEVELOPMENT_TEAM = 4A5GSXMSS8;
				ENABLE_PREVIEWS = YES;
				GENERATE_INFOPLIST_FILE = YES;
				INFOPLIST_KEY_UIApplicationSceneManifest_Generation = YES;
				INFOPLIST_KEY_UIApplicationSupportsIndirectInputEvents = YES;
				INFOPLIST_KEY_UILaunchScreen_Generation = YES;
				INFOPLIST_KEY_UISupportedInterfaceOrientations = UIInterfaceOrientationPortrait;
				INFOPLIST_KEY_UISupportedInterfaceOrientations_iPad = "UIInterfaceOrientationPortrait UIInterfaceOrientationPortraitUpsideDown UIInterfaceOrientationLandscapeLeft UIInterfaceOrientationLandscapeRight";
				INFOPLIST_KEY_UISupportedInterfaceOrientations_iPhone = "UIInterfaceOrientationPortrait UIInterfaceOrientationLandscapeLeft UIInterfaceOrientationLandscapeRight";
				IPHONEOS_DEPLOYMENT_TARGET = 14.0;
				LD_RUNPATH_SEARCH_PATHS = (
					"$(inherited)",
					"@executable_path/Frameworks",
				);
				MARKETING_VERSION = 1.0;
				PRODUCT_BUNDLE_IDENTIFIER = "-.MNstore";
				PRODUCT_NAME = "$(TARGET_NAME)";
				SWIFT_EMIT_LOC_STRINGS = YES;
				SWIFT_VERSION = 5.0;
				TARGETED_DEVICE_FAMILY = 1;
			};
			name = Release;
		};
		8A0B15ED280AC8B800FC796A /* Debug */ = {
			isa = XCBuildConfiguration;
			buildSettings = {
				ALWAYS_EMBED_SWIFT_STANDARD_LIBRARIES = YES;
				BUNDLE_LOADER = "$(TEST_HOST)";
				CODE_SIGN_STYLE = Automatic;
				CURRENT_PROJECT_VERSION = 1;
				DEVELOPMENT_TEAM = 4A5GSXMSS8;
				GENERATE_INFOPLIST_FILE = YES;
				IPHONEOS_DEPLOYMENT_TARGET = 15.4;
				MARKETING_VERSION = 1.0;
				PRODUCT_BUNDLE_IDENTIFIER = "-.MNstoreTests";
				PRODUCT_NAME = "$(TARGET_NAME)";
				SWIFT_EMIT_LOC_STRINGS = NO;
				SWIFT_VERSION = 5.0;
				TARGETED_DEVICE_FAMILY = "1,2";
				TEST_HOST = "$(BUILT_PRODUCTS_DIR)/MNstore.app/MNstore";
			};
			name = Debug;
		};
		8A0B15EE280AC8B800FC796A /* Release */ = {
			isa = XCBuildConfiguration;
			buildSettings = {
				ALWAYS_EMBED_SWIFT_STANDARD_LIBRARIES = YES;
				BUNDLE_LOADER = "$(TEST_HOST)";
				CODE_SIGN_STYLE = Automatic;
				CURRENT_PROJECT_VERSION = 1;
				DEVELOPMENT_TEAM = 4A5GSXMSS8;
				GENERATE_INFOPLIST_FILE = YES;
				IPHONEOS_DEPLOYMENT_TARGET = 15.4;
				MARKETING_VERSION = 1.0;
				PRODUCT_BUNDLE_IDENTIFIER = "-.MNstoreTests";
				PRODUCT_NAME = "$(TARGET_NAME)";
				SWIFT_EMIT_LOC_STRINGS = NO;
				SWIFT_VERSION = 5.0;
				TARGETED_DEVICE_FAMILY = "1,2";
				TEST_HOST = "$(BUILT_PRODUCTS_DIR)/MNstore.app/MNstore";
			};
			name = Release;
		};
		8A0B15F0280AC8B800FC796A /* Debug */ = {
			isa = XCBuildConfiguration;
			buildSettings = {
				ALWAYS_EMBED_SWIFT_STANDARD_LIBRARIES = YES;
				CODE_SIGN_STYLE = Automatic;
				CURRENT_PROJECT_VERSION = 1;
				DEVELOPMENT_TEAM = 4A5GSXMSS8;
				GENERATE_INFOPLIST_FILE = YES;
				MARKETING_VERSION = 1.0;
				PRODUCT_BUNDLE_IDENTIFIER = "-.MNstoreUITests";
				PRODUCT_NAME = "$(TARGET_NAME)";
				SWIFT_EMIT_LOC_STRINGS = NO;
				SWIFT_VERSION = 5.0;
				TARGETED_DEVICE_FAMILY = "1,2";
				TEST_TARGET_NAME = MNstore;
			};
			name = Debug;
		};
		8A0B15F1280AC8B800FC796A /* Release */ = {
			isa = XCBuildConfiguration;
			buildSettings = {
				ALWAYS_EMBED_SWIFT_STANDARD_LIBRARIES = YES;
				CODE_SIGN_STYLE = Automatic;
				CURRENT_PROJECT_VERSION = 1;
				DEVELOPMENT_TEAM = 4A5GSXMSS8;
				GENERATE_INFOPLIST_FILE = YES;
				MARKETING_VERSION = 1.0;
				PRODUCT_BUNDLE_IDENTIFIER = "-.MNstoreUITests";
				PRODUCT_NAME = "$(TARGET_NAME)";
				SWIFT_EMIT_LOC_STRINGS = NO;
				SWIFT_VERSION = 5.0;
				TARGETED_DEVICE_FAMILY = "1,2";
				TEST_TARGET_NAME = MNstore;
			};
			name = Release;
		};
/* End XCBuildConfiguration section */

/* Begin XCConfigurationList section */
		8A0B15BB280AC8B500FC796A /* Build configuration list for PBXProject "MNstore" */ = {
			isa = XCConfigurationList;
			buildConfigurations = (
				8A0B15E7280AC8B800FC796A /* Debug */,
				8A0B15E8280AC8B800FC796A /* Release */,
			);
			defaultConfigurationIsVisible = 0;
			defaultConfigurationName = Release;
		};
		8A0B15E9280AC8B800FC796A /* Build configuration list for PBXNativeTarget "MNstore" */ = {
			isa = XCConfigurationList;
			buildConfigurations = (
				8A0B15EA280AC8B800FC796A /* Debug */,
				8A0B15EB280AC8B800FC796A /* Release */,
			);
			defaultConfigurationIsVisible = 0;
			defaultConfigurationName = Release;
		};
		8A0B15EC280AC8B800FC796A /* Build configuration list for PBXNativeTarget "MNstoreTests" */ = {
			isa = XCConfigurationList;
			buildConfigurations = (
				8A0B15ED280AC8B800FC796A /* Debug */,
				8A0B15EE280AC8B800FC796A /* Release */,
			);
			defaultConfigurationIsVisible = 0;
			defaultConfigurationName = Release;
		};
		8A0B15EF280AC8B800FC796A /* Build configuration list for PBXNativeTarget "MNstoreUITests" */ = {
			isa = XCConfigurationList;
			buildConfigurations = (
				8A0B15F0280AC8B800FC796A /* Debug */,
				8A0B15F1280AC8B800FC796A /* Release */,
			);
			defaultConfigurationIsVisible = 0;
			defaultConfigurationName = Release;
		};
/* End XCConfigurationList section */
	};
	rootObject = 8A0B15B8280AC8B500FC796A /* Project object */;
}
